
Microsoft Visual Studio Solution File, Format Version 12.00
# Visual Studio 15
VisualStudioVersion = 15.0.27428.2015
MinimumVisualStudioVersion = 10.0.40219.1
Project("{FAE04EC0-301F-11D3-BF4B-00C04F79EFBC}") = "StructureMapPoc", "StructureMapPoc\StructureMapPoc.csproj", "{3D119610-1C83-4565-9997-E35AB2C06D4B}"
EndProject
Global
	GlobalSection(SolutionConfigurationPlatforms) = preSolution
		Debug|Any CPU = Debug|Any CPU
		Release|Any CPU = Release|Any CPU
	EndGlobalSection
	GlobalSection(ProjectConfigurationPlatforms) = postSolution
		{3D119610-1C83-4565-9997-E35AB2C06D4B}.Debug|Any CPU.ActiveCfg = Debug|Any CPU
		{3D119610-1C83-4565-9997-E35AB2C06D4B}.Debug|Any CPU.Build.0 = Debug|Any CPU
		{3D119610-1C83-4565-9997-E35AB2C06D4B}.Release|Any CPU.ActiveCfg = Release|Any CPU
		{3D119610-1C83-4565-9997-E35AB2C06D4B}.Release|Any CPU.Build.0 = Release|Any CPU
	EndGlobalSection
	GlobalSection(SolutionProperties) = preSolution
		HideSolutionNode = FALSE
	EndGlobalSection
	GlobalSection(ExtensibilityGlobals) = postSolution
		SolutionGuid = {D872F1CF-F7D8-42A3-A4D6-D4CD00E44DE4}
	EndGlobalSection
EndGlobal
